
Microsoft Visual Studio Solution File, Format Version 12.00
# Visual Studio Version 17
VisualStudioVersion = 17.8.34330.188
MinimumVisualStudioVersion = 10.0.40219.1
Project("{9A19103F-16F7-4668-BE54-9A1E7A4F7556}") = "MKTDotNetCore.ConsoleApp", "MKTDotNetCore.ConsoleApp\MKTDotNetCore.ConsoleApp.csproj", "{913F0FD5-C491-4B53-8162-F22AF0198BA5}"
EndProject
Project("{2150E333-8FDC-42A3-9474-1A3956D46DE8}") = "Documents", "Documents", "{B01D6E71-BAA2-403A-9F8D-1A252501431F}"
	ProjectSection(SolutionItems) = preProject
		README.md = README.md
	EndProjectSection
EndProject
Project("{9A19103F-16F7-4668-BE54-9A1E7A4F7556}") = "MKTDotNetCore.RestApi", "MKTDotNetCore.RestApi\MKTDotNetCore.RestApi.csproj", "{C9DF3BF1-E4EF-40D9-8542-B7D87C0F34C1}"
EndProject
Project("{9A19103F-16F7-4668-BE54-9A1E7A4F7556}") = "MKTDotNetCore.Shared", "MKTDotNetCore.Shared\MKTDotNetCore.Shared.csproj", "{7E845ED7-973E-4506-B8A5-D4F165A97D97}"
EndProject
Project("{9A19103F-16F7-4668-BE54-9A1E7A4F7556}") = "MKTDotNetCore.RestApiWithNLayer", "MKTDotNetCore.RestApiWithNLayer\MKTDotNetCore.RestApiWithNLayer.csproj", "{2E79EC25-BC9D-4049-8FE4-5E85C820F88A}"
EndProject
Project("{9A19103F-16F7-4668-BE54-9A1E7A4F7556}") = "MKTDotNetCore.ConsoleAppHttpClient", "MKTDotNetCore.ConsoleAppHttpClient\MKTDotNetCore.ConsoleAppHttpClient.csproj", "{DD7D7770-B30E-40A1-BE6A-D4E17499ECD7}"
EndProject
Project("{9A19103F-16F7-4668-BE54-9A1E7A4F7556}") = "MKTDotNetCore.ConsoleAppHttpClientExample", "MKTDotNetCore.ConsoleAppHttpClientExample\MKTDotNetCore.ConsoleAppHttpClientExample.csproj", "{0FE4EEDF-94EF-4040-840C-9E8D74445629}"
EndProject
Project("{9A19103F-16F7-4668-BE54-9A1E7A4F7556}") = "MKTDotNetCore.ConsoleAppRestClientExample", "MKTDotNetCore.ConsoleAppRestClientExample\MKTDotNetCore.ConsoleAppRestClientExample.csproj", "{4BF0CC9B-8101-450D-9582-3037D76CA2FD}"
EndProject
Project("{9A19103F-16F7-4668-BE54-9A1E7A4F7556}") = "MKTDotNetCore.PizzaApi", "MKTDotNetCore.PizzaApi\MKTDotNetCore.PizzaApi.csproj", "{783F4CAA-F655-4CB5-9458-ADC6E1045D17}"
EndProject
Project("{9A19103F-16F7-4668-BE54-9A1E7A4F7556}") = "MKTDotNetCore.ConsoleAppRefitExample", "MKTDotNetCore.ConsoleAppRefitExample\MKTDotNetCore.ConsoleAppRefitExample.csproj", "{CEB77D2F-6C45-4970-B08A-7693DEAE2444}"
EndProject
Project("{9A19103F-16F7-4668-BE54-9A1E7A4F7556}") = "MKTDotNetCore.WindowFormApp", "MKTDotNetCore.WindowFormApp\MKTDotNetCore.WindowFormApp.csproj", "{3F006A7D-3653-4A83-8088-924737827B74}"
EndProject
Project("{9A19103F-16F7-4668-BE54-9A1E7A4F7556}") = "MKTDotNetCore.WinFormsAppSqlInjection", "MKTDotNetCore.WinFormsAppSqlInjection\MKTDotNetCore.WinFormsAppSqlInjection.csproj", "{845EA35D-CB8D-41DF-A5D4-C9F7681369B4}"
EndProject
Project("{9A19103F-16F7-4668-BE54-9A1E7A4F7556}") = "MKTDotNetCore.NLayerUI", "MKTDotNetCore.NLayerUI\MKTDotNetCore.NLayerUI.csproj", "{20A43FA3-1030-475E-B673-E2C62A5CEC65}"
EndProject
Project("{9A19103F-16F7-4668-BE54-9A1E7A4F7556}") = "MKTDotNetCore.BusinessLogic", "MKTDotNetCore.BusinessLogic\MKTDotNetCore.BusinessLogic.csproj", "{5A3E2BC2-2647-4452-8F34-EF4504DF6DE3}"
EndProject
Project("{9A19103F-16F7-4668-BE54-9A1E7A4F7556}") = "MKTDotNetCore.DataAcess", "MKTDotNetCore.DataAcess\MKTDotNetCore.DataAcess.csproj", "{E6DD179F-76F7-4637-968C-03732430595C}"
EndProject
Project("{9A19103F-16F7-4668-BE54-9A1E7A4F7556}") = "MKTDotNetCore.MinimalApi", "MKTDotNetCore.MinimalApi\MKTDotNetCore.MinimalApi.csproj", "{0AAF1154-D111-43C9-9E8A-D57D76278D95}"
EndProject
Project("{9A19103F-16F7-4668-BE54-9A1E7A4F7556}") = "MKTDotNetCore.MVC", "MKTDotNetCore.MVC\MKTDotNetCore.MVC.csproj", "{94D5E3F4-4184-4E8D-9C3F-852CDF1ADE76}"
EndProject
Project("{9A19103F-16F7-4668-BE54-9A1E7A4F7556}") = "MKTDotNetCore.MVCApp2", "MKTDotNetCore.MVCApp2\MKTDotNetCore.MVCApp2.csproj", "{62936BFB-6BB5-4D36-9526-E2F0B0A81FDC}"
EndProject
Project("{FAE04EC0-301F-11D3-BF4B-00C04F79EFBC}") = "MKTDotNetCore.MVCChartApp", "MKTDotNetCore.MVCChartApp\MKTDotNetCore.MVCChartApp.csproj", "{3E1DE2B3-49A4-4123-97B0-1F552DAB53CE}"
EndProject
Global
	GlobalSection(SolutionConfigurationPlatforms) = preSolution
		Debug|Any CPU = Debug|Any CPU
		Release|Any CPU = Release|Any CPU
	EndGlobalSection
	GlobalSection(ProjectConfigurationPlatforms) = postSolution
		{913F0FD5-C491-4B53-8162-F22AF0198BA5}.Debug|Any CPU.ActiveCfg = Debug|Any CPU
		{913F0FD5-C491-4B53-8162-F22AF0198BA5}.Debug|Any CPU.Build.0 = Debug|Any CPU
		{913F0FD5-C491-4B53-8162-F22AF0198BA5}.Release|Any CPU.ActiveCfg = Release|Any CPU
		{913F0FD5-C491-4B53-8162-F22AF0198BA5}.Release|Any CPU.Build.0 = Release|Any CPU
		{C9DF3BF1-E4EF-40D9-8542-B7D87C0F34C1}.Debug|Any CPU.ActiveCfg = Debug|Any CPU
		{C9DF3BF1-E4EF-40D9-8542-B7D87C0F34C1}.Debug|Any CPU.Build.0 = Debug|Any CPU
		{C9DF3BF1-E4EF-40D9-8542-B7D87C0F34C1}.Release|Any CPU.ActiveCfg = Release|Any CPU
		{C9DF3BF1-E4EF-40D9-8542-B7D87C0F34C1}.Release|Any CPU.Build.0 = Release|Any CPU
		{7E845ED7-973E-4506-B8A5-D4F165A97D97}.Debug|Any CPU.ActiveCfg = Debug|Any CPU
		{7E845ED7-973E-4506-B8A5-D4F165A97D97}.Debug|Any CPU.Build.0 = Debug|Any CPU
		{7E845ED7-973E-4506-B8A5-D4F165A97D97}.Release|Any CPU.ActiveCfg = Release|Any CPU
		{7E845ED7-973E-4506-B8A5-D4F165A97D97}.Release|Any CPU.Build.0 = Release|Any CPU
		{2E79EC25-BC9D-4049-8FE4-5E85C820F88A}.Debug|Any CPU.ActiveCfg = Debug|Any CPU
		{2E79EC25-BC9D-4049-8FE4-5E85C820F88A}.Debug|Any CPU.Build.0 = Debug|Any CPU
		{2E79EC25-BC9D-4049-8FE4-5E85C820F88A}.Release|Any CPU.ActiveCfg = Release|Any CPU
		{2E79EC25-BC9D-4049-8FE4-5E85C820F88A}.Release|Any CPU.Build.0 = Release|Any CPU
		{DD7D7770-B30E-40A1-BE6A-D4E17499ECD7}.Debug|Any CPU.ActiveCfg = Debug|Any CPU
		{DD7D7770-B30E-40A1-BE6A-D4E17499ECD7}.Debug|Any CPU.Build.0 = Debug|Any CPU
		{DD7D7770-B30E-40A1-BE6A-D4E17499ECD7}.Release|Any CPU.ActiveCfg = Release|Any CPU
		{DD7D7770-B30E-40A1-BE6A-D4E17499ECD7}.Release|Any CPU.Build.0 = Release|Any CPU
		{0FE4EEDF-94EF-4040-840C-9E8D74445629}.Debug|Any CPU.ActiveCfg = Debug|Any CPU
		{0FE4EEDF-94EF-4040-840C-9E8D74445629}.Debug|Any CPU.Build.0 = Debug|Any CPU
		{0FE4EEDF-94EF-4040-840C-9E8D74445629}.Release|Any CPU.ActiveCfg = Release|Any CPU
		{0FE4EEDF-94EF-4040-840C-9E8D74445629}.Release|Any CPU.Build.0 = Release|Any CPU
		{4BF0CC9B-8101-450D-9582-3037D76CA2FD}.Debug|Any CPU.ActiveCfg = Debug|Any CPU
		{4BF0CC9B-8101-450D-9582-3037D76CA2FD}.Debug|Any CPU.Build.0 = Debug|Any CPU
		{4BF0CC9B-8101-450D-9582-3037D76CA2FD}.Release|Any CPU.ActiveCfg = Release|Any CPU
		{4BF0CC9B-8101-450D-9582-3037D76CA2FD}.Release|Any CPU.Build.0 = Release|Any CPU
		{783F4CAA-F655-4CB5-9458-ADC6E1045D17}.Debug|Any CPU.ActiveCfg = Debug|Any CPU
		{783F4CAA-F655-4CB5-9458-ADC6E1045D17}.Debug|Any CPU.Build.0 = Debug|Any CPU
		{783F4CAA-F655-4CB5-9458-ADC6E1045D17}.Release|Any CPU.ActiveCfg = Release|Any CPU
		{783F4CAA-F655-4CB5-9458-ADC6E1045D17}.Release|Any CPU.Build.0 = Release|Any CPU
		{CEB77D2F-6C45-4970-B08A-7693DEAE2444}.Debug|Any CPU.ActiveCfg = Debug|Any CPU
		{CEB77D2F-6C45-4970-B08A-7693DEAE2444}.Debug|Any CPU.Build.0 = Debug|Any CPU
		{CEB77D2F-6C45-4970-B08A-7693DEAE2444}.Release|Any CPU.ActiveCfg = Release|Any CPU
		{CEB77D2F-6C45-4970-B08A-7693DEAE2444}.Release|Any CPU.Build.0 = Release|Any CPU
		{3F006A7D-3653-4A83-8088-924737827B74}.Debug|Any CPU.ActiveCfg = Debug|Any CPU
		{3F006A7D-3653-4A83-8088-924737827B74}.Debug|Any CPU.Build.0 = Debug|Any CPU
		{3F006A7D-3653-4A83-8088-924737827B74}.Release|Any CPU.ActiveCfg = Release|Any CPU
		{3F006A7D-3653-4A83-8088-924737827B74}.Release|Any CPU.Build.0 = Release|Any CPU
		{845EA35D-CB8D-41DF-A5D4-C9F7681369B4}.Debug|Any CPU.ActiveCfg = Debug|Any CPU
		{845EA35D-CB8D-41DF-A5D4-C9F7681369B4}.Debug|Any CPU.Build.0 = Debug|Any CPU
		{845EA35D-CB8D-41DF-A5D4-C9F7681369B4}.Release|Any CPU.ActiveCfg = Release|Any CPU
		{845EA35D-CB8D-41DF-A5D4-C9F7681369B4}.Release|Any CPU.Build.0 = Release|Any CPU
		{20A43FA3-1030-475E-B673-E2C62A5CEC65}.Debug|Any CPU.ActiveCfg = Debug|Any CPU
		{20A43FA3-1030-475E-B673-E2C62A5CEC65}.Debug|Any CPU.Build.0 = Debug|Any CPU
		{20A43FA3-1030-475E-B673-E2C62A5CEC65}.Release|Any CPU.ActiveCfg = Release|Any CPU
		{20A43FA3-1030-475E-B673-E2C62A5CEC65}.Release|Any CPU.Build.0 = Release|Any CPU
		{5A3E2BC2-2647-4452-8F34-EF4504DF6DE3}.Debug|Any CPU.ActiveCfg = Debug|Any CPU
		{5A3E2BC2-2647-4452-8F34-EF4504DF6DE3}.Debug|Any CPU.Build.0 = Debug|Any CPU
		{5A3E2BC2-2647-4452-8F34-EF4504DF6DE3}.Release|Any CPU.ActiveCfg = Release|Any CPU
		{5A3E2BC2-2647-4452-8F34-EF4504DF6DE3}.Release|Any CPU.Build.0 = Release|Any CPU
		{E6DD179F-76F7-4637-968C-03732430595C}.Debug|Any CPU.ActiveCfg = Debug|Any CPU
		{E6DD179F-76F7-4637-968C-03732430595C}.Debug|Any CPU.Build.0 = Debug|Any CPU
		{E6DD179F-76F7-4637-968C-03732430595C}.Release|Any CPU.ActiveCfg = Release|Any CPU
		{E6DD179F-76F7-4637-968C-03732430595C}.Release|Any CPU.Build.0 = Release|Any CPU
		{0AAF1154-D111-43C9-9E8A-D57D76278D95}.Debug|Any CPU.ActiveCfg = Debug|Any CPU
		{0AAF1154-D111-43C9-9E8A-D57D76278D95}.Debug|Any CPU.Build.0 = Debug|Any CPU
		{0AAF1154-D111-43C9-9E8A-D57D76278D95}.Release|Any CPU.ActiveCfg = Release|Any CPU
		{0AAF1154-D111-43C9-9E8A-D57D76278D95}.Release|Any CPU.Build.0 = Release|Any CPU
		{94D5E3F4-4184-4E8D-9C3F-852CDF1ADE76}.Debug|Any CPU.ActiveCfg = Debug|Any CPU
		{94D5E3F4-4184-4E8D-9C3F-852CDF1ADE76}.Debug|Any CPU.Build.0 = Debug|Any CPU
		{94D5E3F4-4184-4E8D-9C3F-852CDF1ADE76}.Release|Any CPU.ActiveCfg = Release|Any CPU
		{94D5E3F4-4184-4E8D-9C3F-852CDF1ADE76}.Release|Any CPU.Build.0 = Release|Any CPU
		{62936BFB-6BB5-4D36-9526-E2F0B0A81FDC}.Debug|Any CPU.ActiveCfg = Debug|Any CPU
		{62936BFB-6BB5-4D36-9526-E2F0B0A81FDC}.Debug|Any CPU.Build.0 = Debug|Any CPU
		{62936BFB-6BB5-4D36-9526-E2F0B0A81FDC}.Release|Any CPU.ActiveCfg = Release|Any CPU
		{62936BFB-6BB5-4D36-9526-E2F0B0A81FDC}.Release|Any CPU.Build.0 = Release|Any CPU
		{3E1DE2B3-49A4-4123-97B0-1F552DAB53CE}.Debug|Any CPU.ActiveCfg = Debug|Any CPU
		{3E1DE2B3-49A4-4123-97B0-1F552DAB53CE}.Debug|Any CPU.Build.0 = Debug|Any CPU
		{3E1DE2B3-49A4-4123-97B0-1F552DAB53CE}.Release|Any CPU.ActiveCfg = Release|Any CPU
		{3E1DE2B3-49A4-4123-97B0-1F552DAB53CE}.Release|Any CPU.Build.0 = Release|Any CPU
	EndGlobalSection
	GlobalSection(SolutionProperties) = preSolution
		HideSolutionNode = FALSE
	EndGlobalSection
	GlobalSection(ExtensibilityGlobals) = postSolution
		SolutionGuid = {D2A8C60C-1091-4399-8839-FB10E86F5A70}
	EndGlobalSection
EndGlobal
